
Microsoft Visual Studio Solution File, Format Version 12.00
# Visual Studio Version 16
VisualStudioVersion = 16.0.31112.23
MinimumVisualStudioVersion = 10.0.40219.1
Project("{FAE04EC0-301F-11D3-BF4B-00C04F79EFBC}") = "DesktopH2", "DesktopH2\DesktopH2.csproj", "{07B46AF1-6F56-4C5E-99A0-4D0298A11C9D}"
EndProject
Global
	GlobalSection(SolutionConfigurationPlatforms) = preSolution
		Debug|Any CPU = Debug|Any CPU
		Release|Any CPU = Release|Any CPU
	EndGlobalSection
	GlobalSection(ProjectConfigurationPlatforms) = postSolution
		{07B46AF1-6F56-4C5E-99A0-4D0298A11C9D}.Debug|Any CPU.ActiveCfg = Debug|Any CPU
		{07B46AF1-6F56-4C5E-99A0-4D0298A11C9D}.Debug|Any CPU.Build.0 = Debug|Any CPU
		{07B46AF1-6F56-4C5E-99A0-4D0298A11C9D}.Release|Any CPU.ActiveCfg = Release|Any CPU
		{07B46AF1-6F56-4C5E-99A0-4D0298A11C9D}.Release|Any CPU.Build.0 = Release|Any CPU
	EndGlobalSection
	GlobalSection(SolutionProperties) = preSolution
		HideSolutionNode = FALSE
	EndGlobalSection
	GlobalSection(ExtensibilityGlobals) = postSolution
		SolutionGuid = {3F251320-AFBF-416A-AD8D-788F8E8FA65C}
	EndGlobalSection
EndGlobal
